// !$*UTF8*$!
{
	archiveVersion = 1;
	classes = {
	};
	objectVersion = 46;
	objects = {

/* Begin PBXBuildFile section */
		F40DD2911B8AF1A7004FFB41 /* AppDelegate.swift in Sources */ = {isa = PBXBuildFile; fileRef = F40DD2901B8AF1A7004FFB41 /* AppDelegate.swift */; };
		F40DD2931B8AF1A7004FFB41 /* ViewController.swift in Sources */ = {isa = PBXBuildFile; fileRef = F40DD2921B8AF1A7004FFB41 /* ViewController.swift */; };
		F40DD2961B8AF1A7004FFB41 /* Main.storyboard in Resources */ = {isa = PBXBuildFile; fileRef = F40DD2941B8AF1A7004FFB41 /* Main.storyboard */; };
		F40DD2981B8AF1A7004FFB41 /* Images.xcassets in Resources */ = {isa = PBXBuildFile; fileRef = F40DD2971B8AF1A7004FFB41 /* Images.xcassets */; };
		F40DD29B1B8AF1A7004FFB41 /* LaunchScreen.xib in Resources */ = {isa = PBXBuildFile; fileRef = F40DD2991B8AF1A7004FFB41 /* LaunchScreen.xib */; };
		F40DD2A71B8AF1A7004FFB41 /* Practice_iOSTests.swift in Sources */ = {isa = PBXBuildFile; fileRef = F40DD2A61B8AF1A7004FFB41 /* Practice_iOSTests.swift */; };
		F4345ED11B8AF79300D5849D /* ViewController1.swift in Sources */ = {isa = PBXBuildFile; fileRef = F4345ED01B8AF79300D5849D /* ViewController1.swift */; };
		F4345ED31B8AF7AB00D5849D /* ViewController2.swift in Sources */ = {isa = PBXBuildFile; fileRef = F4345ED21B8AF7AB00D5849D /* ViewController2.swift */; };
/* End PBXBuildFile section */

/* Begin PBXContainerItemProxy section */
		F40DD2A11B8AF1A7004FFB41 /* PBXContainerItemProxy */ = {
			isa = PBXContainerItemProxy;
			containerPortal = F40DD2831B8AF1A7004FFB41 /* Project object */;
			proxyType = 1;
			remoteGlobalIDString = F40DD28A1B8AF1A7004FFB41;
			remoteInfo = "Practice-iOS";
		};
/* End PBXContainerItemProxy section */

/* Begin PBXFileReference section */
		F40DD28B1B8AF1A7004FFB41 /* Practice-iOS.app */ = {isa = PBXFileReference; explicitFileType = wrapper.application; includeInIndex = 0; path = "Practice-iOS.app"; sourceTree = BUILT_PRODUCTS_DIR; };
		F40DD28F1B8AF1A7004FFB41 /* Info.plist */ = {isa = PBXFileReference; lastKnownFileType = text.plist.xml; path = Info.plist; sourceTree = "<group>"; };
		F40DD2901B8AF1A7004FFB41 /* AppDelegate.swift */ = {isa = PBXFileReference; lastKnownFileType = sourcecode.swift; path = AppDelegate.swift; sourceTree = "<group>"; };
		F40DD2921B8AF1A7004FFB41 /* ViewController.swift */ = {isa = PBXFileReference; lastKnownFileType = sourcecode.swift; path = ViewController.swift; sourceTree = "<group>"; };
		F40DD2951B8AF1A7004FFB41 /* Base */ = {isa = PBXFileReference; lastKnownFileType = file.storyboard; name = Base; path = Base.lproj/Main.storyboard; sourceTree = "<group>"; };
		F40DD2971B8AF1A7004FFB41 /* Images.xcassets */ = {isa = PBXFileReference; lastKnownFileType = folder.assetcatalog; path = Images.xcassets; sourceTree = "<group>"; };
		F40DD29A1B8AF1A7004FFB41 /* Base */ = {isa = PBXFileReference; lastKnownFileType = file.xib; name = Base; path = Base.lproj/LaunchScreen.xib; sourceTree = "<group>"; };
		F40DD2A01B8AF1A7004FFB41 /* Practice-iOSTests.xctest */ = {isa = PBXFileReference; explicitFileType = wrapper.cfbundle; includeInIndex = 0; path = "Practice-iOSTests.xctest"; sourceTree = BUILT_PRODUCTS_DIR; };
		F40DD2A51B8AF1A7004FFB41 /* Info.plist */ = {isa = PBXFileReference; lastKnownFileType = text.plist.xml; path = Info.plist; sourceTree = "<group>"; };
		F40DD2A61B8AF1A7004FFB41 /* Practice_iOSTests.swift */ = {isa = PBXFileReference; lastKnownFileType = sourcecode.swift; path = Practice_iOSTests.swift; sourceTree = "<group>"; };
		F4345ED01B8AF79300D5849D /* ViewController1.swift */ = {isa = PBXFileReference; fileEncoding = 4; lastKnownFileType = sourcecode.swift; path = ViewController1.swift; sourceTree = "<group>"; };
		F4345ED21B8AF7AB00D5849D /* ViewController2.swift */ = {isa = PBXFileReference; fileEncoding = 4; lastKnownFileType = sourcecode.swift; path = ViewController2.swift; sourceTree = "<group>"; };
/* End PBXFileReference section */

/* Begin PBXFrameworksBuildPhase section */
		F40DD2881B8AF1A7004FFB41 /* Frameworks */ = {
			isa = PBXFrameworksBuildPhase;
			buildActionMask = 2147483647;
			files = (
			);
			runOnlyForDeploymentPostprocessing = 0;
		};
		F40DD29D1B8AF1A7004FFB41 /* Frameworks */ = {
			isa = PBXFrameworksBuildPhase;
			buildActionMask = 2147483647;
			files = (
			);
			runOnlyForDeploymentPostprocessing = 0;
		};
/* End PBXFrameworksBuildPhase section */

/* Begin PBXGroup section */
		F40DD2821B8AF1A7004FFB41 = {
			isa = PBXGroup;
			children = (
				F40DD28D1B8AF1A7004FFB41 /* Practice-iOS */,
				F40DD2A31B8AF1A7004FFB41 /* Practice-iOSTests */,
				F40DD28C1B8AF1A7004FFB41 /* Products */,
			);
			sourceTree = "<group>";
		};
		F40DD28C1B8AF1A7004FFB41 /* Products */ = {
			isa = PBXGroup;
			children = (
				F40DD28B1B8AF1A7004FFB41 /* Practice-iOS.app */,
				F40DD2A01B8AF1A7004FFB41 /* Practice-iOSTests.xctest */,
			);
			name = Products;
			sourceTree = "<group>";
		};
		F40DD28D1B8AF1A7004FFB41 /* Practice-iOS */ = {
			isa = PBXGroup;
			children = (
				F40DD2901B8AF1A7004FFB41 /* AppDelegate.swift */,
				F40DD2921B8AF1A7004FFB41 /* ViewController.swift */,
				F40DD2941B8AF1A7004FFB41 /* Main.storyboard */,
				F40DD2971B8AF1A7004FFB41 /* Images.xcassets */,
				F40DD2991B8AF1A7004FFB41 /* LaunchScreen.xib */,
				F40DD28E1B8AF1A7004FFB41 /* Supporting Files */,
				F4345ED01B8AF79300D5849D /* ViewController1.swift */,
				F4345ED21B8AF7AB00D5849D /* ViewController2.swift */,
			);
			path = "Practice-iOS";
			sourceTree = "<group>";
		};
		F40DD28E1B8AF1A7004FFB41 /* Supporting Files */ = {
			isa = PBXGroup;
			children = (
				F40DD28F1B8AF1A7004FFB41 /* Info.plist */,
			);
			name = "Supporting Files";
			sourceTree = "<group>";
		};
		F40DD2A31B8AF1A7004FFB41 /* Practice-iOSTests */ = {
			isa = PBXGroup;
			children = (
				F40DD2A61B8AF1A7004FFB41 /* Practice_iOSTests.swift */,
				F40DD2A41B8AF1A7004FFB41 /* Supporting Files */,
			);
			path = "Practice-iOSTests";
			sourceTree = "<group>";
		};
		F40DD2A41B8AF1A7004FFB41 /* Supporting Files */ = {
			isa = PBXGroup;
			children = (
				F40DD2A51B8AF1A7004FFB41 /* Info.plist */,
			);
			name = "Supporting Files";
			sourceTree = "<group>";
		};
/* End PBXGroup section */

/* Begin PBXNativeTarget section */
		F40DD28A1B8AF1A7004FFB41 /* Practice-iOS */ = {
			isa = PBXNativeTarget;
			buildConfigurationList = F40DD2AA1B8AF1A7004FFB41 /* Build configuration list for PBXNativeTarget "Practice-iOS" */;
			buildPhases = (
				F40DD2871B8AF1A7004FFB41 /* Sources */,
				F40DD2881B8AF1A7004FFB41 /* Frameworks */,
				F40DD2891B8AF1A7004FFB41 /* Resources */,
			);
			buildRules = (
			);
			dependencies = (
			);
			name = "Practice-iOS";
			productName = "Practice-iOS";
			productReference = F40DD28B1B8AF1A7004FFB41 /* Practice-iOS.app */;
			productType = "com.apple.product-type.application";
		};
		F40DD29F1B8AF1A7004FFB41 /* Practice-iOSTests */ = {
			isa = PBXNativeTarget;
			buildConfigurationList = F40DD2AD1B8AF1A7004FFB41 /* Build configuration list for PBXNativeTarget "Practice-iOSTests" */;
			buildPhases = (
				F40DD29C1B8AF1A7004FFB41 /* Sources */,
				F40DD29D1B8AF1A7004FFB41 /* Frameworks */,
				F40DD29E1B8AF1A7004FFB41 /* Resources */,
			);
			buildRules = (
			);
			dependencies = (
				F40DD2A21B8AF1A7004FFB41 /* PBXTargetDependency */,
			);
			name = "Practice-iOSTests";
			productName = "Practice-iOSTests";
			productReference = F40DD2A01B8AF1A7004FFB41 /* Practice-iOSTests.xctest */;
			productType = "com.apple.product-type.bundle.unit-test";
		};
/* End PBXNativeTarget section */

/* Begin PBXProject section */
		F40DD2831B8AF1A7004FFB41 /* Project object */ = {
			isa = PBXProject;
			attributes = {
				LastUpgradeCheck = 0640;
				ORGANIZATIONNAME = "Simon Yang";
				TargetAttributes = {
					F40DD28A1B8AF1A7004FFB41 = {
						CreatedOnToolsVersion = 6.4;
					};
					F40DD29F1B8AF1A7004FFB41 = {
						CreatedOnToolsVersion = 6.4;
						TestTargetID = F40DD28A1B8AF1A7004FFB41;
					};
				};
			};
			buildConfigurationList = F40DD2861B8AF1A7004FFB41 /* Build configuration list for PBXProject "Practice-iOS" */;
			compatibilityVersion = "Xcode 3.2";
			developmentRegion = English;
			hasScannedForEncodings = 0;
			knownRegions = (
				en,
				Base,
			);
			mainGroup = F40DD2821B8AF1A7004FFB41;
			productRefGroup = F40DD28C1B8AF1A7004FFB41 /* Products */;
			projectDirPath = "";
			projectRoot = "";
			targets = (
				F40DD28A1B8AF1A7004FFB41 /* Practice-iOS */,
				F40DD29F1B8AF1A7004FFB41 /* Practice-iOSTests */,
			);
		};
/* End PBXProject section */

/* Begin PBXResourcesBuildPhase section */
		F40DD2891B8AF1A7004FFB41 /* Resources */ = {
			isa = PBXResourcesBuildPhase;
			buildActionMask = 2147483647;
			files = (
				F40DD2961B8AF1A7004FFB41 /* Main.storyboard in Resources */,
				F40DD29B1B8AF1A7004FFB41 /* LaunchScreen.xib in Resources */,
				F40DD2981B8AF1A7004FFB41 /* Images.xcassets in Resources */,
			);
			runOnlyForDeploymentPostprocessing = 0;
		};
		F40DD29E1B8AF1A7004FFB41 /* Resources */ = {
			isa = PBXResourcesBuildPhase;
			buildActionMask = 2147483647;
			files = (
			);
			runOnlyForDeploymentPostprocessing = 0;
		};
/* End PBXResourcesBuildPhase section */

/* Begin PBXSourcesBuildPhase section */
		F40DD2871B8AF1A7004FFB41 /* Sources */ = {
			isa = PBXSourcesBuildPhase;
			buildActionMask = 2147483647;
			files = (
				F4345ED11B8AF79300D5849D /* ViewController1.swift in Sources */,
				F4345ED31B8AF7AB00D5849D /* ViewController2.swift in Sources */,
				F40DD2931B8AF1A7004FFB41 /* ViewController.swift in Sources */,
				F40DD2911B8AF1A7004FFB41 /* AppDelegate.swift in Sources */,
			);
			runOnlyForDeploymentPostprocessing = 0;
		};
		F40DD29C1B8AF1A7004FFB41 /* Sources */ = {
			isa = PBXSourcesBuildPhase;
			buildActionMask = 2147483647;
			files = (
				F40DD2A71B8AF1A7004FFB41 /* Practice_iOSTests.swift in Sources */,
			);
			runOnlyForDeploymentPostprocessing = 0;
		};
/* End PBXSourcesBuildPhase section */

/* Begin PBXTargetDependency section */
		F40DD2A21B8AF1A7004FFB41 /* PBXTargetDependency */ = {
			isa = PBXTargetDependency;
			target = F40DD28A1B8AF1A7004FFB41 /* Practice-iOS */;
			targetProxy = F40DD2A11B8AF1A7004FFB41 /* PBXContainerItemProxy */;
		};
/* End PBXTargetDependency section */

/* Begin PBXVariantGroup section */
		F40DD2941B8AF1A7004FFB41 /* Main.storyboard */ = {
			isa = PBXVariantGroup;
			children = (
				F40DD2951B8AF1A7004FFB41 /* Base */,
			);
			name = Main.storyboard;
			sourceTree = "<group>";
		};
		F40DD2991B8AF1A7004FFB41 /* LaunchScreen.xib */ = {
			isa = PBXVariantGroup;
			children = (
				F40DD29A1B8AF1A7004FFB41 /* Base */,
			);
			name = LaunchScreen.xib;
			sourceTree = "<group>";
		};
/* End PBXVariantGroup section */

/* Begin XCBuildConfiguration section */
		F40DD2A81B8AF1A7004FFB41 /* Debug */ = {
			isa = XCBuildConfiguration;
			buildSettings = {
				ALWAYS_SEARCH_USER_PATHS = NO;
				CLANG_CXX_LANGUAGE_STANDARD = "gnu++0x";
				CLANG_CXX_LIBRARY = "libc++";
				CLANG_ENABLE_MODULES = YES;
				CLANG_ENABLE_OBJC_ARC = YES;
				CLANG_WARN_BOOL_CONVERSION = YES;
				CLANG_WARN_CONSTANT_CONVERSION = YES;
				CLANG_WARN_DIRECT_OBJC_ISA_USAGE = YES_ERROR;
				CLANG_WARN_EMPTY_BODY = YES;
				CLANG_WARN_ENUM_CONVERSION = YES;
				CLANG_WARN_INT_CONVERSION = YES;
				CLANG_WARN_OBJC_ROOT_CLASS = YES_ERROR;
				CLANG_WARN_UNREACHABLE_CODE = YES;
				CLANG_WARN__DUPLICATE_METHOD_MATCH = YES;
				"CODE_SIGN_IDENTITY[sdk=iphoneos*]" = "iPhone Developer";
				COPY_PHASE_STRIP = NO;
				DEBUG_INFORMATION_FORMAT = "dwarf-with-dsym";
				ENABLE_STRICT_OBJC_MSGSEND = YES;
				GCC_C_LANGUAGE_STANDARD = gnu99;
				GCC_DYNAMIC_NO_PIC = NO;
				GCC_NO_COMMON_BLOCKS = YES;
				GCC_OPTIMIZATION_LEVEL = 0;
				GCC_PREPROCESSOR_DEFINITIONS = (
					"DEBUG=1",
					"$(inherited)",
				);
				GCC_SYMBOLS_PRIVATE_EXTERN = NO;
				GCC_WARN_64_TO_32_BIT_CONVERSION = YES;
				GCC_WARN_ABOUT_RETURN_TYPE = YES_ERROR;
				GCC_WARN_UNDECLARED_SELECTOR = YES;
				GCC_WARN_UNINITIALIZED_AUTOS = YES_AGGRESSIVE;
				GCC_WARN_UNUSED_FUNCTION = YES;
				GCC_WARN_UNUSED_VARIABLE = YES;
				IPHONEOS_DEPLOYMENT_TARGET = 8.4;
				MTL_ENABLE_DEBUG_INFO = YES;
				ONLY_ACTIVE_ARCH = YES;
				SDKROOT = iphoneos;
				SWIFT_OPTIMIZATION_LEVEL = "-Onone";
				TARGETED_DEVICE_FAMILY = "1,2";
			};
			name = Debug;
		};
		F40DD2A91B8AF1A7004FFB41 /* Release */ = {
			isa = XCBuildConfiguration;
			buildSettings = {
				ALWAYS_SEARCH_USER_PATHS = NO;
				CLANG_CXX_LANGUAGE_STANDARD = "gnu++0x";
				CLANG_CXX_LIBRARY = "libc++";
				CLANG_ENABLE_MODULES = YES;
				CLANG_ENABLE_OBJC_ARC = YES;
				CLANG_WARN_BOOL_CONVERSION = YES;
				CLANG_WARN_CONSTANT_CONVERSION = YES;
				CLANG_WARN_DIRECT_OBJC_ISA_USAGE = YES_ERROR;
				CLANG_WARN_EMPTY_BODY = YES;
				CLANG_WARN_ENUM_CONVERSION = YES;
				CLANG_WARN_INT_CONVERSION = YES;
				CLANG_WARN_OBJC_ROOT_CLASS = YES_ERROR;
				CLANG_WARN_UNREACHABLE_CODE = YES;
				CLANG_WARN__DUPLICATE_METHOD_MATCH = YES;
				"CODE_SIGN_IDENTITY[sdk=iphoneos*]" = "iPhone Developer";
				COPY_PHASE_STRIP = NO;
				DEBUG_INFORMATION_FORMAT = "dwarf-with-dsym";
				ENABLE_NS_ASSERTIONS = NO;
				ENABLE_STRICT_OBJC_MSGSEND = YES;
				GCC_C_LANGUAGE_STANDARD = gnu99;
				GCC_NO_COMMON_BLOCKS = YES;
				GCC_WARN_64_TO_32_BIT_CONVERSION = YES;
				GCC_WARN_ABOUT_RETURN_TYPE = YES_ERROR;
				GCC_WARN_UNDECLARED_SELECTOR = YES;
				GCC_WARN_UNINITIALIZED_AUTOS = YES_AGGRESSIVE;
				GCC_WARN_UNUSED_FUNCTION = YES;
				GCC_WARN_UNUSED_VARIABLE = YES;
				IPHONEOS_DEPLOYMENT_TARGET = 8.4;
				MTL_ENABLE_DEBUG_INFO = NO;
				SDKROOT = iphoneos;
				TARGETED_DEVICE_FAMILY = "1,2";
				VALIDATE_PRODUCT = YES;
			};
			name = Release;
		};
		F40DD2AB1B8AF1A7004FFB41 /* Debug */ = {
			isa = XCBuildConfiguration;
			buildSettings = {
				ASSETCATALOG_COMPILER_APPICON_NAME = AppIcon;
				INFOPLIST_FILE = "Practice-iOS/Info.plist";
				LD_RUNPATH_SEARCH_PATHS = "$(inherited) @executable_path/Frameworks";
				PRODUCT_NAME = "$(TARGET_NAME)";
			};
			name = Debug;
		};
		F40DD2AC1B8AF1A7004FFB41 /* Release */ = {
			isa = XCBuildConfiguration;
			buildSettings = {
				ASSETCATALOG_COMPILER_APPICON_NAME = AppIcon;
				INFOPLIST_FILE = "Practice-iOS/Info.plist";
				LD_RUNPATH_SEARCH_PATHS = "$(inherited) @executable_path/Frameworks";
				PRODUCT_NAME = "$(TARGET_NAME)";
			};
			name = Release;
		};
		F40DD2AE1B8AF1A7004FFB41 /* Debug */ = {
			isa = XCBuildConfiguration;
			buildSettings = {
				BUNDLE_LOADER = "$(TEST_HOST)";
				FRAMEWORK_SEARCH_PATHS = (
					"$(SDKROOT)/Developer/Library/Frameworks",
					"$(inherited)",
				);
				GCC_PREPROCESSOR_DEFINITIONS = (
					"DEBUG=1",
					"$(inherited)",
				);
				INFOPLIST_FILE = "Practice-iOSTests/Info.plist";
				LD_RUNPATH_SEARCH_PATHS = "$(inherited) @executable_path/Frameworks @loader_path/Frameworks";
				PRODUCT_NAME = "$(TARGET_NAME)";
				TEST_HOST = "$(BUILT_PRODUCTS_DIR)/Practice-iOS.app/Practice-iOS";
			};
			name = Debug;
		};
		F40DD2AF1B8AF1A7004FFB41 /* Release */ = {
			isa = XCBuildConfiguration;
			buildSettings = {
				BUNDLE_LOADER = "$(TEST_HOST)";
				FRAMEWORK_SEARCH_PATHS = (
					"$(SDKROOT)/Developer/Library/Frameworks",
					"$(inherited)",
				);
				INFOPLIST_FILE = "Practice-iOSTests/Info.plist";
				LD_RUNPATH_SEARCH_PATHS = "$(inherited) @executable_path/Frameworks @loader_path/Frameworks";
				PRODUCT_NAME = "$(TARGET_NAME)";
				TEST_HOST = "$(BUILT_PRODUCTS_DIR)/Practice-iOS.app/Practice-iOS";
			};
			name = Release;
		};
/* End XCBuildConfiguration section */

/* Begin XCConfigurationList section */
		F40DD2861B8AF1A7004FFB41 /* Build configuration list for PBXProject "Practice-iOS" */ = {
			isa = XCConfigurationList;
			buildConfigurations = (
				F40DD2A81B8AF1A7004FFB41 /* Debug */,
				F40DD2A91B8AF1A7004FFB41 /* Release */,
			);
			defaultConfigurationIsVisible = 0;
			defaultConfigurationName = Release;
		};
		F40DD2AA1B8AF1A7004FFB41 /* Build configuration list for PBXNativeTarget "Practice-iOS" */ = {
			isa = XCConfigurationList;
			buildConfigurations = (
				F40DD2AB1B8AF1A7004FFB41 /* Debug */,
				F40DD2AC1B8AF1A7004FFB41 /* Release */,
			);
			defaultConfigurationIsVisible = 0;
			defaultConfigurationName = Release;
		};
		F40DD2AD1B8AF1A7004FFB41 /* Build configuration list for PBXNativeTarget "Practice-iOSTests" */ = {
			isa = XCConfigurationList;
			buildConfigurations = (
				F40DD2AE1B8AF1A7004FFB41 /* Debug */,
				F40DD2AF1B8AF1A7004FFB41 /* Release */,
			);
			defaultConfigurationIsVisible = 0;
			defaultConfigurationName = Release;
		};
/* End XCConfigurationList section */
	};
	rootObject = F40DD2831B8AF1A7004FFB41 /* Project object */;
}
